// !$*UTF8*$!
{
	archiveVersion = 1;
	classes = {
	};
	objectVersion = 46;
	objects = {

/* Begin PBXBuildFile section */
		AF370B3F24743E3B009D9B05 /* Camera.cpp in Sources */ = {isa = PBXBuildFile; fileRef = AF370B2624743E3B009D9B05 /* Camera.cpp */; };
		AF370B4024743E3B009D9B05 /* Raycaster.cpp in Sources */ = {isa = PBXBuildFile; fileRef = AF370B2824743E3B009D9B05 /* Raycaster.cpp */; };
		AF370B4624743E3B009D9B05 /* Game.cpp in Sources */ = {isa = PBXBuildFile; fileRef = AF370B3A24743E3B009D9B05 /* Game.cpp */; };
		AF370B4724743E3B009D9B05 /* Renderer.cpp in Sources */ = {isa = PBXBuildFile; fileRef = AF370B3C24743E3B009D9B05 /* Renderer.cpp */; };
		AF370B4924743E3B009D9B05 /* GeomUtils.cpp in Sources */ = {isa = PBXBuildFile; fileRef = AF370B3E24743E3B009D9B05 /* GeomUtils.cpp */; };
		AF370B4B24743ED1009D9B05 /* SDL2.framework in Frameworks */ = {isa = PBXBuildFile; fileRef = AF370B4A24743ED1009D9B05 /* SDL2.framework */; };
		AF370B54247443DE009D9B05 /* FrameRateMgr.cpp in Sources */ = {isa = PBXBuildFile; fileRef = AF370B50247443DE009D9B05 /* FrameRateMgr.cpp */; };
		AF370B55247443DE009D9B05 /* Graphics.cpp in Sources */ = {isa = PBXBuildFile; fileRef = AF370B51247443DE009D9B05 /* Graphics.cpp */; };
		AF370B56247443DE009D9B05 /* Input.cpp in Sources */ = {isa = PBXBuildFile; fileRef = AF370B52247443DE009D9B05 /* Input.cpp */; };
		AF370B57247443DE009D9B05 /* main.cpp in Sources */ = {isa = PBXBuildFile; fileRef = AF370B53247443DE009D9B05 /* main.cpp */; };
/* End PBXBuildFile section */

/* Begin PBXCopyFilesBuildPhase section */
		AF370B1824743DC3009D9B05 /* CopyFiles */ = {
			isa = PBXCopyFilesBuildPhase;
			buildActionMask = 2147483647;
			dstPath = /usr/share/man/man1/;
			dstSubfolderSpec = 0;
			files = (
			);
			runOnlyForDeploymentPostprocessing = 1;
		};
/* End PBXCopyFilesBuildPhase section */

/* Begin PBXFileReference section */
		AF370B1A24743DC3009D9B05 /* walls3duino */ = {isa = PBXFileReference; explicitFileType = "compiled.mach-o.executable"; includeInIndex = 0; path = walls3duino; sourceTree = BUILT_PRODUCTS_DIR; };
		AF370B2624743E3B009D9B05 /* Camera.cpp */ = {isa = PBXFileReference; fileEncoding = 4; lastKnownFileType = sourcecode.cpp.cpp; path = Camera.cpp; sourceTree = "<group>"; };
		AF370B2724743E3B009D9B05 /* Camera.hpp */ = {isa = PBXFileReference; fileEncoding = 4; lastKnownFileType = sourcecode.cpp.h; path = Camera.hpp; sourceTree = "<group>"; };
		AF370B2824743E3B009D9B05 /* Raycaster.cpp */ = {isa = PBXFileReference; fileEncoding = 4; lastKnownFileType = sourcecode.cpp.cpp; path = Raycaster.cpp; sourceTree = "<group>"; };
		AF370B2924743E3B009D9B05 /* Raycaster.hpp */ = {isa = PBXFileReference; fileEncoding = 4; lastKnownFileType = sourcecode.cpp.h; path = Raycaster.hpp; sourceTree = "<group>"; };
		AF370B2A24743E3B009D9B05 /* Renderer.hpp */ = {isa = PBXFileReference; fileEncoding = 4; lastKnownFileType = sourcecode.cpp.h; path = Renderer.hpp; sourceTree = "<group>"; };
		AF370B2B24743E3B009D9B05 /* Wall.hpp */ = {isa = PBXFileReference; fileEncoding = 4; lastKnownFileType = sourcecode.cpp.h; path = Wall.hpp; sourceTree = "<group>"; };
		AF370B3224743E3B009D9B05 /* Mat2.hpp */ = {isa = PBXFileReference; fileEncoding = 4; lastKnownFileType = sourcecode.cpp.h; path = Mat2.hpp; sourceTree = "<group>"; };
		AF370B3524743E3B009D9B05 /* Utils.hpp */ = {isa = PBXFileReference; fileEncoding = 4; lastKnownFileType = sourcecode.cpp.h; path = Utils.hpp; sourceTree = "<group>"; };
		AF370B3624743E3B009D9B05 /* Vec2.hpp */ = {isa = PBXFileReference; fileEncoding = 4; lastKnownFileType = sourcecode.cpp.h; path = Vec2.hpp; sourceTree = "<group>"; };
		AF370B3724743E3B009D9B05 /* Line.hpp */ = {isa = PBXFileReference; fileEncoding = 4; lastKnownFileType = sourcecode.cpp.h; path = Line.hpp; sourceTree = "<group>"; };
		AF370B3824743E3B009D9B05 /* Game.hpp */ = {isa = PBXFileReference; fileEncoding = 4; lastKnownFileType = sourcecode.cpp.h; path = Game.hpp; sourceTree = "<group>"; };
		AF370B3A24743E3B009D9B05 /* Game.cpp */ = {isa = PBXFileReference; fileEncoding = 4; lastKnownFileType = sourcecode.cpp.cpp; path = Game.cpp; sourceTree = "<group>"; };
		AF370B3B24743E3B009D9B05 /* GeomUtils.hpp */ = {isa = PBXFileReference; fileEncoding = 4; lastKnownFileType = sourcecode.cpp.h; path = GeomUtils.hpp; sourceTree = "<group>"; };
		AF370B3C24743E3B009D9B05 /* Renderer.cpp */ = {isa = PBXFileReference; fileEncoding = 4; lastKnownFileType = sourcecode.cpp.cpp; path = Renderer.cpp; sourceTree = "<group>"; };
		AF370B3E24743E3B009D9B05 /* GeomUtils.cpp */ = {isa = PBXFileReference; fileEncoding = 4; lastKnownFileType = sourcecode.cpp.cpp; path = GeomUtils.cpp; sourceTree = "<group>"; };
		AF370B4A24743ED1009D9B05 /* SDL2.framework */ = {isa = PBXFileReference; lastKnownFileType = wrapper.framework; name = SDL2.framework; path = ../../../../../Library/Frameworks/SDL2.framework; sourceTree = "<group>"; };
		AF370B4E2474433C009D9B05 /* SDLSim */ = {isa = PBXFileReference; lastKnownFileType = folder; path = SDLSim; sourceTree = "<group>"; };
		AF370B50247443DE009D9B05 /* FrameRateMgr.cpp */ = {isa = PBXFileReference; lastKnownFileType = sourcecode.cpp.cpp; name = FrameRateMgr.cpp; path = walls3duino/SDLSim/FrameRateMgr.cpp; sourceTree = "<group>"; };
		AF370B51247443DE009D9B05 /* Graphics.cpp */ = {isa = PBXFileReference; lastKnownFileType = sourcecode.cpp.cpp; name = Graphics.cpp; path = walls3duino/SDLSim/Graphics.cpp; sourceTree = "<group>"; };
		AF370B52247443DE009D9B05 /* Input.cpp */ = {isa = PBXFileReference; lastKnownFileType = sourcecode.cpp.cpp; name = Input.cpp; path = walls3duino/SDLSim/Input.cpp; sourceTree = "<group>"; };
		AF370B53247443DE009D9B05 /* main.cpp */ = {isa = PBXFileReference; lastKnownFileType = sourcecode.cpp.cpp; name = main.cpp; path = walls3duino/SDLSim/main.cpp; sourceTree = "<group>"; };
/* End PBXFileReference section */

/* Begin PBXFrameworksBuildPhase section */
		AF370B1724743DC3009D9B05 /* Frameworks */ = {
			isa = PBXFrameworksBuildPhase;
			buildActionMask = 2147483647;
			files = (
				AF370B4B24743ED1009D9B05 /* SDL2.framework in Frameworks */,
			);
			runOnlyForDeploymentPostprocessing = 0;
		};
/* End PBXFrameworksBuildPhase section */

/* Begin PBXGroup section */
		AF370B1124743DC3009D9B05 = {
			isa = PBXGroup;
			children = (
				AF370B50247443DE009D9B05 /* FrameRateMgr.cpp */,
				AF370B51247443DE009D9B05 /* Graphics.cpp */,
				AF370B52247443DE009D9B05 /* Input.cpp */,
				AF370B53247443DE009D9B05 /* main.cpp */,
				AF370B4A24743ED1009D9B05 /* SDL2.framework */,
				AF370B1C24743DC3009D9B05 /* walls3duino */,
				AF370B1B24743DC3009D9B05 /* Products */,
			);
			sourceTree = "<group>";
		};
		AF370B1B24743DC3009D9B05 /* Products */ = {
			isa = PBXGroup;
			children = (
				AF370B1A24743DC3009D9B05 /* walls3duino */,
			);
			name = Products;
			sourceTree = "<group>";
		};
		AF370B1C24743DC3009D9B05 /* walls3duino */ = {
			isa = PBXGroup;
			children = (
				AF370B4E2474433C009D9B05 /* SDLSim */,
				AF370B2624743E3B009D9B05 /* Camera.cpp */,
				AF370B2724743E3B009D9B05 /* Camera.hpp */,
				AF370B2824743E3B009D9B05 /* Raycaster.cpp */,
				AF370B2924743E3B009D9B05 /* Raycaster.hpp */,
				AF370B2B24743E3B009D9B05 /* Wall.hpp */,
				AF370B3224743E3B009D9B05 /* Mat2.hpp */,
				AF370B3524743E3B009D9B05 /* Utils.hpp */,
				AF370B3624743E3B009D9B05 /* Vec2.hpp */,
				AF370B3724743E3B009D9B05 /* Line.hpp */,
				AF370B3824743E3B009D9B05 /* Game.hpp */,
				AF370B3A24743E3B009D9B05 /* Game.cpp */,
				AF370B3B24743E3B009D9B05 /* GeomUtils.hpp */,
				AF370B2A24743E3B009D9B05 /* Renderer.hpp */,
				AF370B3C24743E3B009D9B05 /* Renderer.cpp */,
				AF370B3E24743E3B009D9B05 /* GeomUtils.cpp */,
			);
			path = walls3duino;
			sourceTree = "<group>";
		};
/* End PBXGroup section */

/* Begin PBXNativeTarget section */
		AF370B1924743DC3009D9B05 /* walls3duino */ = {
			isa = PBXNativeTarget;
			buildConfigurationList = AF370B2124743DC3009D9B05 /* Build configuration list for PBXNativeTarget "walls3duino" */;
			buildPhases = (
				AF370B1624743DC3009D9B05 /* Sources */,
				AF370B1724743DC3009D9B05 /* Frameworks */,
				AF370B1824743DC3009D9B05 /* CopyFiles */,
			);
			buildRules = (
			);
			dependencies = (
			);
			name = walls3duino;
			productName = walls3duino;
			productReference = AF370B1A24743DC3009D9B05 /* walls3duino */;
			productType = "com.apple.product-type.tool";
		};
/* End PBXNativeTarget section */

/* Begin PBXProject section */
		AF370B1224743DC3009D9B05 /* Project object */ = {
			isa = PBXProject;
			attributes = {
				LastUpgradeCheck = 0720;
				ORGANIZATIONNAME = "Brian Dolan";
				TargetAttributes = {
					AF370B1924743DC3009D9B05 = {
						CreatedOnToolsVersion = 7.2.1;
					};
				};
			};
			buildConfigurationList = AF370B1524743DC3009D9B05 /* Build configuration list for PBXProject "walls3duino" */;
			compatibilityVersion = "Xcode 3.2";
			developmentRegion = English;
			hasScannedForEncodings = 0;
			knownRegions = (
				en,
			);
			mainGroup = AF370B1124743DC3009D9B05;
			productRefGroup = AF370B1B24743DC3009D9B05 /* Products */;
			projectDirPath = "";
			projectRoot = "";
			targets = (
				AF370B1924743DC3009D9B05 /* walls3duino */,
			);
		};
/* End PBXProject section */

/* Begin PBXSourcesBuildPhase section */
		AF370B1624743DC3009D9B05 /* Sources */ = {
			isa = PBXSourcesBuildPhase;
			buildActionMask = 2147483647;
			files = (
				AF370B54247443DE009D9B05 /* FrameRateMgr.cpp in Sources */,
				AF370B55247443DE009D9B05 /* Graphics.cpp in Sources */,
				AF370B56247443DE009D9B05 /* Input.cpp in Sources */,
				AF370B57247443DE009D9B05 /* main.cpp in Sources */,
				AF370B4624743E3B009D9B05 /* Game.cpp in Sources */,
				AF370B3F24743E3B009D9B05 /* Camera.cpp in Sources */,
				AF370B4924743E3B009D9B05 /* GeomUtils.cpp in Sources */,
				AF370B4724743E3B009D9B05 /* Renderer.cpp in Sources */,
				AF370B4024743E3B009D9B05 /* Raycaster.cpp in Sources */,
			);
			runOnlyForDeploymentPostprocessing = 0;
		};
/* End PBXSourcesBuildPhase section */

/* Begin XCBuildConfiguration section */
		AF370B1F24743DC3009D9B05 /* Debug */ = {
			isa = XCBuildConfiguration;
			buildSettings = {
				ALWAYS_SEARCH_USER_PATHS = NO;
				CLANG_CXX_LANGUAGE_STANDARD = "gnu++0x";
				CLANG_CXX_LIBRARY = "libc++";
				CLANG_ENABLE_MODULES = YES;
				CLANG_ENABLE_OBJC_ARC = YES;
				CLANG_WARN_BOOL_CONVERSION = YES;
				CLANG_WARN_CONSTANT_CONVERSION = YES;
				CLANG_WARN_DIRECT_OBJC_ISA_USAGE = YES_ERROR;
				CLANG_WARN_EMPTY_BODY = YES;
				CLANG_WARN_ENUM_CONVERSION = YES;
				CLANG_WARN_INT_CONVERSION = YES;
				CLANG_WARN_OBJC_ROOT_CLASS = YES_ERROR;
				CLANG_WARN_UNREACHABLE_CODE = YES;
				CLANG_WARN__DUPLICATE_METHOD_MATCH = YES;
				CODE_SIGN_IDENTITY = "-";
				COPY_PHASE_STRIP = NO;
				DEBUG_INFORMATION_FORMAT = dwarf;
				ENABLE_STRICT_OBJC_MSGSEND = YES;
				ENABLE_TESTABILITY = YES;
				GCC_C_LANGUAGE_STANDARD = gnu99;
				GCC_DYNAMIC_NO_PIC = NO;
				GCC_NO_COMMON_BLOCKS = YES;
				GCC_OPTIMIZATION_LEVEL = 0;
				GCC_PREPROCESSOR_DEFINITIONS = (
					"DEBUG=1",
					"$(inherited)",
				);
				GCC_WARN_64_TO_32_BIT_CONVERSION = YES;
				GCC_WARN_ABOUT_RETURN_TYPE = YES_ERROR;
				GCC_WARN_UNDECLARED_SELECTOR = YES;
				GCC_WARN_UNINITIALIZED_AUTOS = YES_AGGRESSIVE;
				GCC_WARN_UNUSED_FUNCTION = YES;
				GCC_WARN_UNUSED_VARIABLE = YES;
				MACOSX_DEPLOYMENT_TARGET = 10.10;
				MTL_ENABLE_DEBUG_INFO = YES;
				ONLY_ACTIVE_ARCH = YES;
				SDKROOT = macosx;
			};
			name = Debug;
		};
		AF370B2024743DC3009D9B05 /* Release */ = {
			isa = XCBuildConfiguration;
			buildSettings = {
				ALWAYS_SEARCH_USER_PATHS = NO;
				CLANG_CXX_LANGUAGE_STANDARD = "gnu++0x";
				CLANG_CXX_LIBRARY = "libc++";
				CLANG_ENABLE_MODULES = YES;
				CLANG_ENABLE_OBJC_ARC = YES;
				CLANG_WARN_BOOL_CONVERSION = YES;
				CLANG_WARN_CONSTANT_CONVERSION = YES;
				CLANG_WARN_DIRECT_OBJC_ISA_USAGE = YES_ERROR;
				CLANG_WARN_EMPTY_BODY = YES;
				CLANG_WARN_ENUM_CONVERSION = YES;
				CLANG_WARN_INT_CONVERSION = YES;
				CLANG_WARN_OBJC_ROOT_CLASS = YES_ERROR;
				CLANG_WARN_UNREACHABLE_CODE = YES;
				CLANG_WARN__DUPLICATE_METHOD_MATCH = YES;
				CODE_SIGN_IDENTITY = "-";
				COPY_PHASE_STRIP = NO;
				DEBUG_INFORMATION_FORMAT = "dwarf-with-dsym";
				ENABLE_NS_ASSERTIONS = NO;
				ENABLE_STRICT_OBJC_MSGSEND = YES;
				GCC_C_LANGUAGE_STANDARD = gnu99;
				GCC_NO_COMMON_BLOCKS = YES;
				GCC_WARN_64_TO_32_BIT_CONVERSION = YES;
				GCC_WARN_ABOUT_RETURN_TYPE = YES_ERROR;
				GCC_WARN_UNDECLARED_SELECTOR = YES;
				GCC_WARN_UNINITIALIZED_AUTOS = YES_AGGRESSIVE;
				GCC_WARN_UNUSED_FUNCTION = YES;
				GCC_WARN_UNUSED_VARIABLE = YES;
				MACOSX_DEPLOYMENT_TARGET = 10.10;
				MTL_ENABLE_DEBUG_INFO = NO;
				SDKROOT = macosx;
			};
			name = Release;
		};
		AF370B2224743DC3009D9B05 /* Debug */ = {
			isa = XCBuildConfiguration;
			buildSettings = {
				FRAMEWORK_SEARCH_PATHS = (
					"$(inherited)",
					"$(LOCAL_LIBRARY_DIR)/Frameworks",
				);
				PRODUCT_NAME = "$(TARGET_NAME)";
			};
			name = Debug;
		};
		AF370B2324743DC3009D9B05 /* Release */ = {
			isa = XCBuildConfiguration;
			buildSettings = {
				FRAMEWORK_SEARCH_PATHS = (
					"$(inherited)",
					"$(LOCAL_LIBRARY_DIR)/Frameworks",
				);
				PRODUCT_NAME = "$(TARGET_NAME)";
			};
			name = Release;
		};
/* End XCBuildConfiguration section */

/* Begin XCConfigurationList section */
		AF370B1524743DC3009D9B05 /* Build configuration list for PBXProject "walls3duino" */ = {
			isa = XCConfigurationList;
			buildConfigurations = (
				AF370B1F24743DC3009D9B05 /* Debug */,
				AF370B2024743DC3009D9B05 /* Release */,
			);
			defaultConfigurationIsVisible = 0;
			defaultConfigurationName = Release;
		};
		AF370B2124743DC3009D9B05 /* Build configuration list for PBXNativeTarget "walls3duino" */ = {
			isa = XCConfigurationList;
			buildConfigurations = (
				AF370B2224743DC3009D9B05 /* Debug */,
				AF370B2324743DC3009D9B05 /* Release */,
			);
			defaultConfigurationIsVisible = 0;
			defaultConfigurationName = Release;
		};
/* End XCConfigurationList section */
	};
	rootObject = AF370B1224743DC3009D9B05 /* Project object */;
}
